
Microsoft Visual Studio Solution File, Format Version 12.00
# Visual Studio Version 17
VisualStudioVersion = 17.3.32819.101
MinimumVisualStudioVersion = 10.0.40219.1
Project("{9A19103F-16F7-4668-BE54-9A1E7A4F7556}") = "Models", "Models\Models.csproj", "{6EAD7574-A6CA-4211-8BCC-ABBF64A1E434}"
EndProject
Project("{9A19103F-16F7-4668-BE54-9A1E7A4F7556}") = "WebAPI", "WebAPI\WebAPI.csproj", "{47C34DA5-F06D-4029-9FFC-053FF3502539}"
EndProject
Project("{9A19103F-16F7-4668-BE54-9A1E7A4F7556}") = "DataAccess", "DataAccess\DataAccess.csproj", "{ADB2DE90-32C6-41FF-AA93-23C00F360D27}"
EndProject
Global
	GlobalSection(SolutionConfigurationPlatforms) = preSolution
		Debug|Any CPU = Debug|Any CPU
		Release|Any CPU = Release|Any CPU
	EndGlobalSection
	GlobalSection(ProjectConfigurationPlatforms) = postSolution
		{6EAD7574-A6CA-4211-8BCC-ABBF64A1E434}.Debug|Any CPU.ActiveCfg = Debug|Any CPU
		{6EAD7574-A6CA-4211-8BCC-ABBF64A1E434}.Debug|Any CPU.Build.0 = Debug|Any CPU
		{6EAD7574-A6CA-4211-8BCC-ABBF64A1E434}.Release|Any CPU.ActiveCfg = Release|Any CPU
		{6EAD7574-A6CA-4211-8BCC-ABBF64A1E434}.Release|Any CPU.Build.0 = Release|Any CPU
		{47C34DA5-F06D-4029-9FFC-053FF3502539}.Debug|Any CPU.ActiveCfg = Debug|Any CPU
		{47C34DA5-F06D-4029-9FFC-053FF3502539}.Debug|Any CPU.Build.0 = Debug|Any CPU
		{47C34DA5-F06D-4029-9FFC-053FF3502539}.Release|Any CPU.ActiveCfg = Release|Any CPU
		{47C34DA5-F06D-4029-9FFC-053FF3502539}.Release|Any CPU.Build.0 = Release|Any CPU
		{ADB2DE90-32C6-41FF-AA93-23C00F360D27}.Debug|Any CPU.ActiveCfg = Debug|Any CPU
		{ADB2DE90-32C6-41FF-AA93-23C00F360D27}.Debug|Any CPU.Build.0 = Debug|Any CPU
		{ADB2DE90-32C6-41FF-AA93-23C00F360D27}.Release|Any CPU.ActiveCfg = Release|Any CPU
		{ADB2DE90-32C6-41FF-AA93-23C00F360D27}.Release|Any CPU.Build.0 = Release|Any CPU
	EndGlobalSection
	GlobalSection(SolutionProperties) = preSolution
		HideSolutionNode = FALSE
	EndGlobalSection
	GlobalSection(ExtensibilityGlobals) = postSolution
		SolutionGuid = {A234470E-E0EB-4338-9A61-2F723A129840}
	EndGlobalSection
EndGlobal
